
Microsoft Visual Studio Solution File, Format Version 12.00
# Visual Studio Version 17
VisualStudioVersion = 17.13.35818.85 d17.13
MinimumVisualStudioVersion = 10.0.40219.1
Project("{FAE04EC0-301F-11D3-BF4B-00C04F79EFBC}") = "Entities", "Entities\Entities.csproj", "{DA2E5ACE-0B83-4B7A-8D06-9362ACFA0C17}"
EndProject
Project("{FAE04EC0-301F-11D3-BF4B-00C04F79EFBC}") = "DAL", "DAL\DAL.csproj", "{C1567069-4677-4100-A57D-02110551E680}"
EndProject
Project("{FAE04EC0-301F-11D3-BF4B-00C04F79EFBC}") = "Backend", "Backend\Backend.csproj", "{0B0FC74F-C90B-4542-B928-D87DB5E128C8}"
EndProject
Global
	GlobalSection(SolutionConfigurationPlatforms) = preSolution
		Debug|Any CPU = Debug|Any CPU
		Release|Any CPU = Release|Any CPU
	EndGlobalSection
	GlobalSection(ProjectConfigurationPlatforms) = postSolution
		{DA2E5ACE-0B83-4B7A-8D06-9362ACFA0C17}.Debug|Any CPU.ActiveCfg = Debug|Any CPU
		{DA2E5ACE-0B83-4B7A-8D06-9362ACFA0C17}.Debug|Any CPU.Build.0 = Debug|Any CPU
		{DA2E5ACE-0B83-4B7A-8D06-9362ACFA0C17}.Release|Any CPU.ActiveCfg = Release|Any CPU
		{DA2E5ACE-0B83-4B7A-8D06-9362ACFA0C17}.Release|Any CPU.Build.0 = Release|Any CPU
		{C1567069-4677-4100-A57D-02110551E680}.Debug|Any CPU.ActiveCfg = Debug|Any CPU
		{C1567069-4677-4100-A57D-02110551E680}.Debug|Any CPU.Build.0 = Debug|Any CPU
		{C1567069-4677-4100-A57D-02110551E680}.Release|Any CPU.ActiveCfg = Release|Any CPU
		{C1567069-4677-4100-A57D-02110551E680}.Release|Any CPU.Build.0 = Release|Any CPU
		{0B0FC74F-C90B-4542-B928-D87DB5E128C8}.Debug|Any CPU.ActiveCfg = Debug|Any CPU
		{0B0FC74F-C90B-4542-B928-D87DB5E128C8}.Debug|Any CPU.Build.0 = Debug|Any CPU
		{0B0FC74F-C90B-4542-B928-D87DB5E128C8}.Release|Any CPU.ActiveCfg = Release|Any CPU
		{0B0FC74F-C90B-4542-B928-D87DB5E128C8}.Release|Any CPU.Build.0 = Release|Any CPU
	EndGlobalSection
	GlobalSection(SolutionProperties) = preSolution
		HideSolutionNode = FALSE
	EndGlobalSection
	GlobalSection(ExtensibilityGlobals) = postSolution
		SolutionGuid = {F4444793-5DEA-4C01-A322-B83EBC6A8A39}
	EndGlobalSection
EndGlobal
